
Microsoft Visual Studio Solution File, Format Version 12.00
# Visual Studio Version 17
VisualStudioVersion = 17.9.34723.18
MinimumVisualStudioVersion = 10.0.40219.1
Project("{FAE04EC0-301F-11D3-BF4B-00C04F79EFBC}") = "Subtração", "Subtração\Subtração.csproj", "{A500DA63-C76A-4B26-864D-DA3E32DDE41E}"
EndProject
Global
	GlobalSection(SolutionConfigurationPlatforms) = preSolution
		Debug|Any CPU = Debug|Any CPU
		Release|Any CPU = Release|Any CPU
	EndGlobalSection
	GlobalSection(ProjectConfigurationPlatforms) = postSolution
		{A500DA63-C76A-4B26-864D-DA3E32DDE41E}.Debug|Any CPU.ActiveCfg = Debug|Any CPU
		{A500DA63-C76A-4B26-864D-DA3E32DDE41E}.Debug|Any CPU.Build.0 = Debug|Any CPU
		{A500DA63-C76A-4B26-864D-DA3E32DDE41E}.Release|Any CPU.ActiveCfg = Release|Any CPU
		{A500DA63-C76A-4B26-864D-DA3E32DDE41E}.Release|Any CPU.Build.0 = Release|Any CPU
	EndGlobalSection
	GlobalSection(SolutionProperties) = preSolution
		HideSolutionNode = FALSE
	EndGlobalSection
	GlobalSection(ExtensibilityGlobals) = postSolution
		SolutionGuid = {FF1E7D61-D92C-4029-B5F1-3BB698F85C2C}
	EndGlobalSection
EndGlobal
